
Microsoft Visual Studio Solution File, Format Version 12.00
# Visual Studio 2015
Project("{FAE04EC0-301F-11D3-BF4B-00C04F79EFBC}") = "donerpietje.Plugins", "donerpietje.Plugins.csproj", "{7390C45A-5C8C-F975-84E7-06F593544B05}"
EndProject
Project("{FAE04EC0-301F-11D3-BF4B-00C04F79EFBC}") = "donerpietje", "donerpietje.csproj", "{10003579-CBDA-2D43-D593-551C2C205DB2}"
EndProject
Project("{FAE04EC0-301F-11D3-BF4B-00C04F79EFBC}") = "donerpietje.Editor", "donerpietje.Editor.csproj", "{64E84A19-0A2C-8755-2C4E-40170688A2EA}"
EndProject
Global
	GlobalSection(SolutionConfigurationPlatforms) = preSolution
		Debug|Any CPU = Debug|Any CPU
		Release|Any CPU = Release|Any CPU
	EndGlobalSection
	GlobalSection(ProjectConfigurationPlatforms) = postSolution
		{7390C45A-5C8C-F975-84E7-06F593544B05}.Debug|Any CPU.ActiveCfg = Debug|Any CPU
		{7390C45A-5C8C-F975-84E7-06F593544B05}.Debug|Any CPU.Build.0 = Debug|Any CPU
		{7390C45A-5C8C-F975-84E7-06F593544B05}.Release|Any CPU.ActiveCfg = Release|Any CPU
		{7390C45A-5C8C-F975-84E7-06F593544B05}.Release|Any CPU.Build.0 = Release|Any CPU
		{10003579-CBDA-2D43-D593-551C2C205DB2}.Debug|Any CPU.ActiveCfg = Debug|Any CPU
		{10003579-CBDA-2D43-D593-551C2C205DB2}.Debug|Any CPU.Build.0 = Debug|Any CPU
		{10003579-CBDA-2D43-D593-551C2C205DB2}.Release|Any CPU.ActiveCfg = Release|Any CPU
		{10003579-CBDA-2D43-D593-551C2C205DB2}.Release|Any CPU.Build.0 = Release|Any CPU
		{64E84A19-0A2C-8755-2C4E-40170688A2EA}.Debug|Any CPU.ActiveCfg = Debug|Any CPU
		{64E84A19-0A2C-8755-2C4E-40170688A2EA}.Debug|Any CPU.Build.0 = Debug|Any CPU
		{64E84A19-0A2C-8755-2C4E-40170688A2EA}.Release|Any CPU.ActiveCfg = Release|Any CPU
		{64E84A19-0A2C-8755-2C4E-40170688A2EA}.Release|Any CPU.Build.0 = Release|Any CPU
	EndGlobalSection
	GlobalSection(SolutionProperties) = preSolution
		HideSolutionNode = FALSE
	EndGlobalSection
EndGlobal
